
Microsoft Visual Studio Solution File, Format Version 12.00
# Visual Studio 2013
VisualStudioVersion = 12.0.40629.0
MinimumVisualStudioVersion = 10.0.40219.1
Project("{8BC9CEB8-8B4A-11D0-8D11-00A0C91BC942}") = "180407.search.block", "180407.search.block\180407.search.block.vcxproj", "{774D3BE0-D610-4234-BE0E-EF496165123B}"
EndProject
Project("{8BC9CEB8-8B4A-11D0-8D11-00A0C91BC942}") = "180425.sorting", "180425.sorting\180425.sorting.vcxproj", "{345B9B84-55EB-47DA-9F92-F0170271A441}"
EndProject
Project("{8BC9CEB8-8B4A-11D0-8D11-00A0C91BC942}") = "180429.UglyDigit", "180429.UglyDigit\180429.UglyDigit.vcxproj", "{7D702EF3-7FDE-4CA6-8943-3A2015B2CE53}"
EndProject
Project("{8BC9CEB8-8B4A-11D0-8D11-00A0C91BC942}") = "180429.MakeBookShelf", "180429.MakeBookShelf\180429.MakeBookShelf.vcxproj", "{45D6874F-2C03-46BD-B988-3CAC35E04727}"
EndProject
Project("{8BC9CEB8-8B4A-11D0-8D11-00A0C91BC942}") = "180505.virus", "180505.virus\180505.virus.vcxproj", "{10E2CFF4-6981-4419-AFE9-6AE4B700E014}"
EndProject
Project("{8BC9CEB8-8B4A-11D0-8D11-00A0C91BC942}") = "180507.lubic", "180507.lubic\180507.lubic.vcxproj", "{C7A356A5-36E3-4E29-9A3B-388FAAB02D22}"
EndProject
Project("{8BC9CEB8-8B4A-11D0-8D11-00A0C91BC942}") = "180519.puzzle", "180519.puzzle\180519.puzzle.vcxproj", "{14129BA5-C73B-412E-A6EC-8B1B23EA2E0C}"
EndProject
Project("{8BC9CEB8-8B4A-11D0-8D11-00A0C91BC942}") = "180606.LittleAirplane", "180606.LittleAirplane\180606.LittleAirplane.vcxproj", "{96677CC0-3BF5-4B32-878A-C8BD24B73BAD}"
EndProject
Project("{8BC9CEB8-8B4A-11D0-8D11-00A0C91BC942}") = "180606.jangki", "180606.jangki\180606.jangki.vcxproj", "{4690D7FF-C0BA-4581-84F9-475DF5BD6285}"
EndProject
Project("{8BC9CEB8-8B4A-11D0-8D11-00A0C91BC942}") = "180609.PrincessGarden", "180609.PrincessGarden\180609.PrincessGarden.vcxproj", "{9D896A94-784D-47C0-B34D-A07CFB55F1BF}"
EndProject
Project("{8BC9CEB8-8B4A-11D0-8D11-00A0C91BC942}") = "180609.TakBae", "180609.TakBae\180609.TakBae.vcxproj", "{85150D0A-EB8C-4A88-AB72-6288F6C77F65}"
EndProject
Project("{8BC9CEB8-8B4A-11D0-8D11-00A0C91BC942}") = "180613.Pelindrome", "180613.Pelindrome\180613.Pelindrome.vcxproj", "{8B0B8DD6-ED78-4030-9E6B-504F8635A282}"
EndProject
Project("{8BC9CEB8-8B4A-11D0-8D11-00A0C91BC942}") = "180615.bissop", "180615.bissop\180615.bissop.vcxproj", "{A11AA376-D36C-4266-9AB7-89E86128B34D}"
EndProject
Project("{8BC9CEB8-8B4A-11D0-8D11-00A0C91BC942}") = "180625.lubic", "180625.lubic\180625.lubic.vcxproj", "{FB478735-BB9D-4B9F-99DD-604273530FFB}"
EndProject
Project("{8BC9CEB8-8B4A-11D0-8D11-00A0C91BC942}") = "180630.maze", "180630.maze\180630.maze.vcxproj", "{B723AA01-EA16-42CE-A6EB-2D3653399015}"
EndProject
Project("{8BC9CEB8-8B4A-11D0-8D11-00A0C91BC942}") = "180701.EscapeFire", "180701.EscapeFire\180701.EscapeFire.vcxproj", "{C393E17E-7926-42A8-B229-41BACDAD089D}"
EndProject
Project("{8BC9CEB8-8B4A-11D0-8D11-00A0C91BC942}") = "180706.NMul", "180706.NMul\180706.NMul.vcxproj", "{7C819668-23EF-4562-9E29-385A21A2377C}"
EndProject
Project("{8BC9CEB8-8B4A-11D0-8D11-00A0C91BC942}") = "180709.participant", "180709.participant\180709.participant.vcxproj", "{E82258AE-96F4-4092-AE7F-BEB2952589B9}"
EndProject
Project("{8BC9CEB8-8B4A-11D0-8D11-00A0C91BC942}") = "180714.disk2", "180714.disk2\180714.disk2.vcxproj", "{D75FE4C2-D29C-4D4E-A974-2EC3581C60E8}"
EndProject
Project("{8BC9CEB8-8B4A-11D0-8D11-00A0C91BC942}") = "180715.StickerMemo", "180715.StickerMemo\180715.StickerMemo.vcxproj", "{91409985-189B-4A0A-B24F-DB1A7EB54A92}"
EndProject
Project("{8BC9CEB8-8B4A-11D0-8D11-00A0C91BC942}") = "180721.BlockChain", "180721.BlockChain\180721.BlockChain.vcxproj", "{4187216E-A35C-45A3-9199-826CBC49F7D7}"
EndProject
Project("{8BC9CEB8-8B4A-11D0-8D11-00A0C91BC942}") = "180823.FingerPrint", "180823.FingerPrint\180823.FingerPrint.vcxproj", "{64B6A561-1B58-4822-BF69-6D883B18753F}"
EndProject
Project("{8BC9CEB8-8B4A-11D0-8D11-00A0C91BC942}") = "180827.KeyValueDisk", "180827.KeyValueDisk\180827.KeyValueDisk.vcxproj", "{181023ED-CA0D-4B6C-8A9F-AEFFB62CE110}"
EndProject
Project("{8BC9CEB8-8B4A-11D0-8D11-00A0C91BC942}") = "180901.Editor", "180901.Editor\180901.Editor.vcxproj", "{B129782D-28F3-4CD4-888F-AA5774FDA9E6}"
EndProject
Project("{2150E333-8FDC-42A3-9474-1A3956D46DE8}") = "Code Battle", "Code Battle", "{1C939C91-78F3-4D05-A26A-8110087A65FA}"
EndProject
Project("{8BC9CEB8-8B4A-11D0-8D11-00A0C91BC942}") = "180904.WhatDate", "180904.WhatDate\180904.WhatDate.vcxproj", "{19B6D6E1-5107-4469-BF03-965E7318EDCC}"
EndProject
Project("{2150E333-8FDC-42A3-9474-1A3956D46DE8}") = "180904", "180904", "{2874972D-1C80-4E13-93BA-FDE0393CAC62}"
EndProject
Project("{8BC9CEB8-8B4A-11D0-8D11-00A0C91BC942}") = "180904.Birthday", "180904.Birthday\180904.Birthday.vcxproj", "{076DEB40-A800-4707-9EEA-9CE7F380F89F}"
EndProject
Project("{8BC9CEB8-8B4A-11D0-8D11-00A0C91BC942}") = "180915.pzzl", "180915.pzzl\180915.pzzl.vcxproj", "{BDD20FDA-ECFB-4975-8305-40DE3AAF4F8D}"
EndProject
Project("{8BC9CEB8-8B4A-11D0-8D11-00A0C91BC942}") = "180920.SampleMatching", "180920.SampleMatching\180920.SampleMatching.vcxproj", "{E7F41551-98D9-44F1-912C-0FF644576B10}"
EndProject
Project("{8BC9CEB8-8B4A-11D0-8D11-00A0C91BC942}") = "180925.Calc", "180925.Calc\180925.Calc.vcxproj", "{03BB7C8A-1394-4A82-AEBE-B4A76946E894}"
EndProject
Project("{2150E333-8FDC-42A3-9474-1A3956D46DE8}") = "181105", "181105", "{D4CF517B-87D8-4E35-BECF-949F4A18904C}"
EndProject
Project("{8BC9CEB8-8B4A-11D0-8D11-00A0C91BC942}") = "Train_fly", "Train_fly\Train_fly.vcxproj", "{BA522885-D672-430B-9812-AE5D97E41457}"
EndProject
Project("{8BC9CEB8-8B4A-11D0-8D11-00A0C91BC942}") = "hack_pass", "hack_pass\hack_pass.vcxproj", "{D77497C5-4875-4AF1-8C9E-0E9356507D66}"
EndProject
Project("{2150E333-8FDC-42A3-9474-1A3956D46DE8}") = "181106", "181106", "{9552DD96-ECD5-4B54-AD7B-975A13435FBC}"
EndProject
Project("{8BC9CEB8-8B4A-11D0-8D11-00A0C91BC942}") = "Graph_Triangle", "Graph_Triangle\Graph_Triangle.vcxproj", "{1B4A27D1-86B5-4BF9-A34F-DB67B714867A}"
EndProject
Project("{8BC9CEB8-8B4A-11D0-8D11-00A0C91BC942}") = "NewYearParty", "NewYearParty\NewYearParty.vcxproj", "{D5EB3FCB-8A0E-4153-B803-56AA70AEAAA9}"
EndProject
Project("{2150E333-8FDC-42A3-9474-1A3956D46DE8}") = "181113", "181113", "{DE9862F1-B7B0-4AD2-B32A-FDE0BD44D60D}"
EndProject
Project("{8BC9CEB8-8B4A-11D0-8D11-00A0C91BC942}") = "game_2048", "game_2048\game_2048.vcxproj", "{8B0B9604-3E96-4085-9ACA-725151761456}"
EndProject
Project("{8BC9CEB8-8B4A-11D0-8D11-00A0C91BC942}") = "170816.LongDigitMul", "170816.LongDigitMul\170816.LongDigitMul.vcxproj", "{65E09FF2-5330-44DE-A7B2-003C44794879}"
EndProject
Project("{8BC9CEB8-8B4A-11D0-8D11-00A0C91BC942}") = "170816.StackWood", "170816.StackWood\170816.StackWood.vcxproj", "{0C96E3E3-8764-4B66-8615-12DE2753FC4D}"
EndProject
Project("{8BC9CEB8-8B4A-11D0-8D11-00A0C91BC942}") = "171111.Disk", "171111.Disk\171111.Disk.vcxproj", "{920C39A7-080F-4FCE-828E-CC45F26F8FA5}"
EndProject
Project("{8BC9CEB8-8B4A-11D0-8D11-00A0C91BC942}") = "171219.NDigitMul", "171219.NDigitMul\171219.NDigitMul.vcxproj", "{E7167872-60C3-498A-97BC-C5C4EEDD7D69}"
EndProject
Project("{8BC9CEB8-8B4A-11D0-8D11-00A0C91BC942}") = "180120.Capture", "180120.Capture\180120.Capture.vcxproj", "{FF049A22-38AF-4B9F-8D38-C6D301713773}"
EndProject
Project("{8BC9CEB8-8B4A-11D0-8D11-00A0C91BC942}") = "180317.TrashCan", "180317.TrashCan\180317.TrashCan.vcxproj", "{03FBA645-B8C1-4B91-9443-EB3D0F75214A}"
EndProject
Project("{8BC9CEB8-8B4A-11D0-8D11-00A0C91BC942}") = "170202.UsedCar", "170202.UsedCar\170202.UsedCar.vcxproj", "{95EF5104-ADE3-48B5-B9A9-D89D7B85DAE9}"
EndProject
Project("{8BC9CEB8-8B4A-11D0-8D11-00A0C91BC942}") = "181117.Square", "181117.Square\181117.Square.vcxproj", "{C81D2ED2-7138-477C-8A9B-C2DED607DB2C}"
EndProject
Project("{2150E333-8FDC-42A3-9474-1A3956D46DE8}") = "181120", "181120", "{AA4B51F8-4988-4014-AFC5-992431BE0848}"
EndProject
Project("{8BC9CEB8-8B4A-11D0-8D11-00A0C91BC942}") = "MonoIncrease", "MonoIncrease\MonoIncrease.vcxproj", "{91C23ACE-87F7-4A35-AEC3-EE533EFBFFE6}"
EndProject
Project("{2150E333-8FDC-42A3-9474-1A3956D46DE8}") = "e", "e", "{A56A7708-55E7-4B6C-8A64-2D0A44669BAB}"
EndProject
Project("{2150E333-8FDC-42A3-9474-1A3956D46DE8}") = "p", "p", "{C0AEDCB0-42AE-4EDD-B5A5-F20D3EECC7C0}"
EndProject
Project("{8BC9CEB8-8B4A-11D0-8D11-00A0C91BC942}") = "181123.BaseballGale", "181123.BaseballGale\181123.BaseballGale.vcxproj", "{50D5F358-7B96-4206-ABA7-D130D795271E}"
EndProject
Project("{8BC9CEB8-8B4A-11D0-8D11-00A0C91BC942}") = "181126.Streaming", "181126.Streaming\181126.Streaming.vcxproj", "{03986E37-A3D9-4076-AC9A-D4B3DF34344C}"
EndProject
Project("{8BC9CEB8-8B4A-11D0-8D11-00A0C91BC942}") = "181203.PuzzleShift", "181203.PuzzleShift\181203.PuzzleShift.vcxproj", "{E910ECCB-CBCC-41B0-8D0E-EFA094396E3C}"
EndProject
Project("{8BC9CEB8-8B4A-11D0-8D11-00A0C91BC942}") = "181212.Schedule3", "181212.Schedule3\181212.Schedule3.vcxproj", "{3A7CE751-A313-4E11-88F7-6DBD3BF3E3DC}"
EndProject
Project("{2150E333-8FDC-42A3-9474-1A3956D46DE8}") = "181224", "181224", "{F913F16B-2F71-4B62-806F-2C2A2216B3D3}"
EndProject
Project("{8BC9CEB8-8B4A-11D0-8D11-00A0C91BC942}") = "HuddleGrade", "HuddleGrade\HuddleGrade.vcxproj", "{DAB77D2A-F5A0-4165-9961-40492F40BCD8}"
EndProject
Project("{8BC9CEB8-8B4A-11D0-8D11-00A0C91BC942}") = "160808.puzzle1", "160808.puzzle1\160808.puzzle1.vcxproj", "{790340A0-F12C-499F-A358-7031D0E3C46D}"
EndProject
Project("{8BC9CEB8-8B4A-11D0-8D11-00A0C91BC942}") = "161010.bitmap1", "161010.bitmap1\161010.bitmap1.vcxproj", "{1B5D64BC-7F1C-4408-B119-0D21FBB5AE0A}"
EndProject
Project("{8BC9CEB8-8B4A-11D0-8D11-00A0C91BC942}") = "161210.shelter", "161210.shelter\161210.shelter.vcxproj", "{A9E31566-A684-4EA8-A89B-0119C70E9778}"
EndProject
Project("{8BC9CEB8-8B4A-11D0-8D11-00A0C91BC942}") = "170423.cube", "170423.cube\170423.cube.vcxproj", "{BF484FB8-68B6-418B-B691-404190125F37}"
EndProject
Project("{8BC9CEB8-8B4A-11D0-8D11-00A0C91BC942}") = "170630.36Mul", "170630.36Mul\170630.36Mul.vcxproj", "{C5AFD976-4DD9-42B9-AA74-09BB0900AA74}"
EndProject
Project("{8BC9CEB8-8B4A-11D0-8D11-00A0C91BC942}") = "170915.bitmap2", "170915.bitmap2\170915.bitmap2.vcxproj", "{BBF3931E-9A5B-45F5-8214-78A2E0FDF37E}"
EndProject
Project("{8BC9CEB8-8B4A-11D0-8D11-00A0C91BC942}") = "190126.MicroProcessor", "190126.MicroProcessor\190126.MicroProcessor.vcxproj", "{DC64A89D-DB2B-4DE6-9006-F8984ADEB2EF}"
EndProject
Project("{8BC9CEB8-8B4A-11D0-8D11-00A0C91BC942}") = "190219.Social_Media", "190219.Social_Media\190219.Social_Media.vcxproj", "{05B49CC5-5413-40C3-806A-F465F5DADA26}"
EndProject
Project("{8BC9CEB8-8B4A-11D0-8D11-00A0C91BC942}") = "190324.Cell", "190324.Cell\190324.Cell.vcxproj", "{D780EABB-0759-48B4-B31E-80F577972651}"
EndProject
Global
	GlobalSection(SolutionConfigurationPlatforms) = preSolution
		Debug|Win32 = Debug|Win32
		Release|Win32 = Release|Win32
	EndGlobalSection
	GlobalSection(ProjectConfigurationPlatforms) = postSolution
		{774D3BE0-D610-4234-BE0E-EF496165123B}.Debug|Win32.ActiveCfg = Debug|Win32
		{774D3BE0-D610-4234-BE0E-EF496165123B}.Debug|Win32.Build.0 = Debug|Win32
		{774D3BE0-D610-4234-BE0E-EF496165123B}.Release|Win32.ActiveCfg = Release|Win32
		{774D3BE0-D610-4234-BE0E-EF496165123B}.Release|Win32.Build.0 = Release|Win32
		{345B9B84-55EB-47DA-9F92-F0170271A441}.Debug|Win32.ActiveCfg = Debug|Win32
		{345B9B84-55EB-47DA-9F92-F0170271A441}.Debug|Win32.Build.0 = Debug|Win32
		{345B9B84-55EB-47DA-9F92-F0170271A441}.Release|Win32.ActiveCfg = Release|Win32
		{345B9B84-55EB-47DA-9F92-F0170271A441}.Release|Win32.Build.0 = Release|Win32
		{7D702EF3-7FDE-4CA6-8943-3A2015B2CE53}.Debug|Win32.ActiveCfg = Debug|Win32
		{7D702EF3-7FDE-4CA6-8943-3A2015B2CE53}.Debug|Win32.Build.0 = Debug|Win32
		{7D702EF3-7FDE-4CA6-8943-3A2015B2CE53}.Release|Win32.ActiveCfg = Release|Win32
		{7D702EF3-7FDE-4CA6-8943-3A2015B2CE53}.Release|Win32.Build.0 = Release|Win32
		{45D6874F-2C03-46BD-B988-3CAC35E04727}.Debug|Win32.ActiveCfg = Debug|Win32
		{45D6874F-2C03-46BD-B988-3CAC35E04727}.Debug|Win32.Build.0 = Debug|Win32
		{45D6874F-2C03-46BD-B988-3CAC35E04727}.Release|Win32.ActiveCfg = Release|Win32
		{45D6874F-2C03-46BD-B988-3CAC35E04727}.Release|Win32.Build.0 = Release|Win32
		{10E2CFF4-6981-4419-AFE9-6AE4B700E014}.Debug|Win32.ActiveCfg = Debug|Win32
		{10E2CFF4-6981-4419-AFE9-6AE4B700E014}.Debug|Win32.Build.0 = Debug|Win32
		{10E2CFF4-6981-4419-AFE9-6AE4B700E014}.Release|Win32.ActiveCfg = Release|Win32
		{10E2CFF4-6981-4419-AFE9-6AE4B700E014}.Release|Win32.Build.0 = Release|Win32
		{C7A356A5-36E3-4E29-9A3B-388FAAB02D22}.Debug|Win32.ActiveCfg = Debug|Win32
		{C7A356A5-36E3-4E29-9A3B-388FAAB02D22}.Debug|Win32.Build.0 = Debug|Win32
		{C7A356A5-36E3-4E29-9A3B-388FAAB02D22}.Release|Win32.ActiveCfg = Release|Win32
		{C7A356A5-36E3-4E29-9A3B-388FAAB02D22}.Release|Win32.Build.0 = Release|Win32
		{14129BA5-C73B-412E-A6EC-8B1B23EA2E0C}.Debug|Win32.ActiveCfg = Debug|Win32
		{14129BA5-C73B-412E-A6EC-8B1B23EA2E0C}.Debug|Win32.Build.0 = Debug|Win32
		{14129BA5-C73B-412E-A6EC-8B1B23EA2E0C}.Release|Win32.ActiveCfg = Release|Win32
		{14129BA5-C73B-412E-A6EC-8B1B23EA2E0C}.Release|Win32.Build.0 = Release|Win32
		{96677CC0-3BF5-4B32-878A-C8BD24B73BAD}.Debug|Win32.ActiveCfg = Debug|Win32
		{96677CC0-3BF5-4B32-878A-C8BD24B73BAD}.Debug|Win32.Build.0 = Debug|Win32
		{96677CC0-3BF5-4B32-878A-C8BD24B73BAD}.Release|Win32.ActiveCfg = Release|Win32
		{96677CC0-3BF5-4B32-878A-C8BD24B73BAD}.Release|Win32.Build.0 = Release|Win32
		{4690D7FF-C0BA-4581-84F9-475DF5BD6285}.Debug|Win32.ActiveCfg = Debug|Win32
		{4690D7FF-C0BA-4581-84F9-475DF5BD6285}.Debug|Win32.Build.0 = Debug|Win32
		{4690D7FF-C0BA-4581-84F9-475DF5BD6285}.Release|Win32.ActiveCfg = Release|Win32
		{4690D7FF-C0BA-4581-84F9-475DF5BD6285}.Release|Win32.Build.0 = Release|Win32
		{9D896A94-784D-47C0-B34D-A07CFB55F1BF}.Debug|Win32.ActiveCfg = Debug|Win32
		{9D896A94-784D-47C0-B34D-A07CFB55F1BF}.Debug|Win32.Build.0 = Debug|Win32
		{9D896A94-784D-47C0-B34D-A07CFB55F1BF}.Release|Win32.ActiveCfg = Release|Win32
		{9D896A94-784D-47C0-B34D-A07CFB55F1BF}.Release|Win32.Build.0 = Release|Win32
		{85150D0A-EB8C-4A88-AB72-6288F6C77F65}.Debug|Win32.ActiveCfg = Debug|Win32
		{85150D0A-EB8C-4A88-AB72-6288F6C77F65}.Debug|Win32.Build.0 = Debug|Win32
		{85150D0A-EB8C-4A88-AB72-6288F6C77F65}.Release|Win32.ActiveCfg = Release|Win32
		{85150D0A-EB8C-4A88-AB72-6288F6C77F65}.Release|Win32.Build.0 = Release|Win32
		{8B0B8DD6-ED78-4030-9E6B-504F8635A282}.Debug|Win32.ActiveCfg = Debug|Win32
		{8B0B8DD6-ED78-4030-9E6B-504F8635A282}.Debug|Win32.Build.0 = Debug|Win32
		{8B0B8DD6-ED78-4030-9E6B-504F8635A282}.Release|Win32.ActiveCfg = Release|Win32
		{8B0B8DD6-ED78-4030-9E6B-504F8635A282}.Release|Win32.Build.0 = Release|Win32
		{A11AA376-D36C-4266-9AB7-89E86128B34D}.Debug|Win32.ActiveCfg = Debug|Win32
		{A11AA376-D36C-4266-9AB7-89E86128B34D}.Debug|Win32.Build.0 = Debug|Win32
		{A11AA376-D36C-4266-9AB7-89E86128B34D}.Release|Win32.ActiveCfg = Release|Win32
		{A11AA376-D36C-4266-9AB7-89E86128B34D}.Release|Win32.Build.0 = Release|Win32
		{FB478735-BB9D-4B9F-99DD-604273530FFB}.Debug|Win32.ActiveCfg = Debug|Win32
		{FB478735-BB9D-4B9F-99DD-604273530FFB}.Debug|Win32.Build.0 = Debug|Win32
		{FB478735-BB9D-4B9F-99DD-604273530FFB}.Release|Win32.ActiveCfg = Release|Win32
		{FB478735-BB9D-4B9F-99DD-604273530FFB}.Release|Win32.Build.0 = Release|Win32
		{B723AA01-EA16-42CE-A6EB-2D3653399015}.Debug|Win32.ActiveCfg = Debug|Win32
		{B723AA01-EA16-42CE-A6EB-2D3653399015}.Debug|Win32.Build.0 = Debug|Win32
		{B723AA01-EA16-42CE-A6EB-2D3653399015}.Release|Win32.ActiveCfg = Release|Win32
		{B723AA01-EA16-42CE-A6EB-2D3653399015}.Release|Win32.Build.0 = Release|Win32
		{C393E17E-7926-42A8-B229-41BACDAD089D}.Debug|Win32.ActiveCfg = Debug|Win32
		{C393E17E-7926-42A8-B229-41BACDAD089D}.Debug|Win32.Build.0 = Debug|Win32
		{C393E17E-7926-42A8-B229-41BACDAD089D}.Release|Win32.ActiveCfg = Release|Win32
		{C393E17E-7926-42A8-B229-41BACDAD089D}.Release|Win32.Build.0 = Release|Win32
		{7C819668-23EF-4562-9E29-385A21A2377C}.Debug|Win32.ActiveCfg = Debug|Win32
		{7C819668-23EF-4562-9E29-385A21A2377C}.Debug|Win32.Build.0 = Debug|Win32
		{7C819668-23EF-4562-9E29-385A21A2377C}.Release|Win32.ActiveCfg = Release|Win32
		{7C819668-23EF-4562-9E29-385A21A2377C}.Release|Win32.Build.0 = Release|Win32
		{E82258AE-96F4-4092-AE7F-BEB2952589B9}.Debug|Win32.ActiveCfg = Debug|Win32
		{E82258AE-96F4-4092-AE7F-BEB2952589B9}.Debug|Win32.Build.0 = Debug|Win32
		{E82258AE-96F4-4092-AE7F-BEB2952589B9}.Release|Win32.ActiveCfg = Release|Win32
		{E82258AE-96F4-4092-AE7F-BEB2952589B9}.Release|Win32.Build.0 = Release|Win32
		{D75FE4C2-D29C-4D4E-A974-2EC3581C60E8}.Debug|Win32.ActiveCfg = Debug|Win32
		{D75FE4C2-D29C-4D4E-A974-2EC3581C60E8}.Debug|Win32.Build.0 = Debug|Win32
		{D75FE4C2-D29C-4D4E-A974-2EC3581C60E8}.Release|Win32.ActiveCfg = Release|Win32
		{D75FE4C2-D29C-4D4E-A974-2EC3581C60E8}.Release|Win32.Build.0 = Release|Win32
		{91409985-189B-4A0A-B24F-DB1A7EB54A92}.Debug|Win32.ActiveCfg = Debug|Win32
		{91409985-189B-4A0A-B24F-DB1A7EB54A92}.Debug|Win32.Build.0 = Debug|Win32
		{91409985-189B-4A0A-B24F-DB1A7EB54A92}.Release|Win32.ActiveCfg = Release|Win32
		{91409985-189B-4A0A-B24F-DB1A7EB54A92}.Release|Win32.Build.0 = Release|Win32
		{4187216E-A35C-45A3-9199-826CBC49F7D7}.Debug|Win32.ActiveCfg = Debug|Win32
		{4187216E-A35C-45A3-9199-826CBC49F7D7}.Debug|Win32.Build.0 = Debug|Win32
		{4187216E-A35C-45A3-9199-826CBC49F7D7}.Release|Win32.ActiveCfg = Release|Win32
		{4187216E-A35C-45A3-9199-826CBC49F7D7}.Release|Win32.Build.0 = Release|Win32
		{64B6A561-1B58-4822-BF69-6D883B18753F}.Debug|Win32.ActiveCfg = Debug|Win32
		{64B6A561-1B58-4822-BF69-6D883B18753F}.Debug|Win32.Build.0 = Debug|Win32
		{64B6A561-1B58-4822-BF69-6D883B18753F}.Release|Win32.ActiveCfg = Release|Win32
		{64B6A561-1B58-4822-BF69-6D883B18753F}.Release|Win32.Build.0 = Release|Win32
		{181023ED-CA0D-4B6C-8A9F-AEFFB62CE110}.Debug|Win32.ActiveCfg = Debug|Win32
		{181023ED-CA0D-4B6C-8A9F-AEFFB62CE110}.Debug|Win32.Build.0 = Debug|Win32
		{181023ED-CA0D-4B6C-8A9F-AEFFB62CE110}.Release|Win32.ActiveCfg = Release|Win32
		{181023ED-CA0D-4B6C-8A9F-AEFFB62CE110}.Release|Win32.Build.0 = Release|Win32
		{B129782D-28F3-4CD4-888F-AA5774FDA9E6}.Debug|Win32.ActiveCfg = Debug|Win32
		{B129782D-28F3-4CD4-888F-AA5774FDA9E6}.Debug|Win32.Build.0 = Debug|Win32
		{B129782D-28F3-4CD4-888F-AA5774FDA9E6}.Release|Win32.ActiveCfg = Release|Win32
		{B129782D-28F3-4CD4-888F-AA5774FDA9E6}.Release|Win32.Build.0 = Release|Win32
		{19B6D6E1-5107-4469-BF03-965E7318EDCC}.Debug|Win32.ActiveCfg = Debug|Win32
		{19B6D6E1-5107-4469-BF03-965E7318EDCC}.Debug|Win32.Build.0 = Debug|Win32
		{19B6D6E1-5107-4469-BF03-965E7318EDCC}.Release|Win32.ActiveCfg = Release|Win32
		{19B6D6E1-5107-4469-BF03-965E7318EDCC}.Release|Win32.Build.0 = Release|Win32
		{076DEB40-A800-4707-9EEA-9CE7F380F89F}.Debug|Win32.ActiveCfg = Debug|Win32
		{076DEB40-A800-4707-9EEA-9CE7F380F89F}.Debug|Win32.Build.0 = Debug|Win32
		{076DEB40-A800-4707-9EEA-9CE7F380F89F}.Release|Win32.ActiveCfg = Release|Win32
		{076DEB40-A800-4707-9EEA-9CE7F380F89F}.Release|Win32.Build.0 = Release|Win32
		{BDD20FDA-ECFB-4975-8305-40DE3AAF4F8D}.Debug|Win32.ActiveCfg = Debug|Win32
		{BDD20FDA-ECFB-4975-8305-40DE3AAF4F8D}.Debug|Win32.Build.0 = Debug|Win32
		{BDD20FDA-ECFB-4975-8305-40DE3AAF4F8D}.Release|Win32.ActiveCfg = Release|Win32
		{BDD20FDA-ECFB-4975-8305-40DE3AAF4F8D}.Release|Win32.Build.0 = Release|Win32
		{E7F41551-98D9-44F1-912C-0FF644576B10}.Debug|Win32.ActiveCfg = Debug|Win32
		{E7F41551-98D9-44F1-912C-0FF644576B10}.Debug|Win32.Build.0 = Debug|Win32
		{E7F41551-98D9-44F1-912C-0FF644576B10}.Release|Win32.ActiveCfg = Release|Win32
		{E7F41551-98D9-44F1-912C-0FF644576B10}.Release|Win32.Build.0 = Release|Win32
		{03BB7C8A-1394-4A82-AEBE-B4A76946E894}.Debug|Win32.ActiveCfg = Debug|Win32
		{03BB7C8A-1394-4A82-AEBE-B4A76946E894}.Debug|Win32.Build.0 = Debug|Win32
		{03BB7C8A-1394-4A82-AEBE-B4A76946E894}.Release|Win32.ActiveCfg = Release|Win32
		{03BB7C8A-1394-4A82-AEBE-B4A76946E894}.Release|Win32.Build.0 = Release|Win32
		{BA522885-D672-430B-9812-AE5D97E41457}.Debug|Win32.ActiveCfg = Debug|Win32
		{BA522885-D672-430B-9812-AE5D97E41457}.Debug|Win32.Build.0 = Debug|Win32
		{BA522885-D672-430B-9812-AE5D97E41457}.Release|Win32.ActiveCfg = Release|Win32
		{BA522885-D672-430B-9812-AE5D97E41457}.Release|Win32.Build.0 = Release|Win32
		{D77497C5-4875-4AF1-8C9E-0E9356507D66}.Debug|Win32.ActiveCfg = Debug|Win32
		{D77497C5-4875-4AF1-8C9E-0E9356507D66}.Debug|Win32.Build.0 = Debug|Win32
		{D77497C5-4875-4AF1-8C9E-0E9356507D66}.Release|Win32.ActiveCfg = Release|Win32
		{D77497C5-4875-4AF1-8C9E-0E9356507D66}.Release|Win32.Build.0 = Release|Win32
		{1B4A27D1-86B5-4BF9-A34F-DB67B714867A}.Debug|Win32.ActiveCfg = Debug|Win32
		{1B4A27D1-86B5-4BF9-A34F-DB67B714867A}.Debug|Win32.Build.0 = Debug|Win32
		{1B4A27D1-86B5-4BF9-A34F-DB67B714867A}.Release|Win32.ActiveCfg = Release|Win32
		{1B4A27D1-86B5-4BF9-A34F-DB67B714867A}.Release|Win32.Build.0 = Release|Win32
		{D5EB3FCB-8A0E-4153-B803-56AA70AEAAA9}.Debug|Win32.ActiveCfg = Debug|Win32
		{D5EB3FCB-8A0E-4153-B803-56AA70AEAAA9}.Debug|Win32.Build.0 = Debug|Win32
		{D5EB3FCB-8A0E-4153-B803-56AA70AEAAA9}.Release|Win32.ActiveCfg = Release|Win32
		{D5EB3FCB-8A0E-4153-B803-56AA70AEAAA9}.Release|Win32.Build.0 = Release|Win32
		{8B0B9604-3E96-4085-9ACA-725151761456}.Debug|Win32.ActiveCfg = Debug|Win32
		{8B0B9604-3E96-4085-9ACA-725151761456}.Debug|Win32.Build.0 = Debug|Win32
		{8B0B9604-3E96-4085-9ACA-725151761456}.Release|Win32.ActiveCfg = Release|Win32
		{8B0B9604-3E96-4085-9ACA-725151761456}.Release|Win32.Build.0 = Release|Win32
		{65E09FF2-5330-44DE-A7B2-003C44794879}.Debug|Win32.ActiveCfg = Debug|Win32
		{65E09FF2-5330-44DE-A7B2-003C44794879}.Debug|Win32.Build.0 = Debug|Win32
		{65E09FF2-5330-44DE-A7B2-003C44794879}.Release|Win32.ActiveCfg = Release|Win32
		{65E09FF2-5330-44DE-A7B2-003C44794879}.Release|Win32.Build.0 = Release|Win32
		{0C96E3E3-8764-4B66-8615-12DE2753FC4D}.Debug|Win32.ActiveCfg = Debug|Win32
		{0C96E3E3-8764-4B66-8615-12DE2753FC4D}.Debug|Win32.Build.0 = Debug|Win32
		{0C96E3E3-8764-4B66-8615-12DE2753FC4D}.Release|Win32.ActiveCfg = Release|Win32
		{0C96E3E3-8764-4B66-8615-12DE2753FC4D}.Release|Win32.Build.0 = Release|Win32
		{920C39A7-080F-4FCE-828E-CC45F26F8FA5}.Debug|Win32.ActiveCfg = Debug|Win32
		{920C39A7-080F-4FCE-828E-CC45F26F8FA5}.Debug|Win32.Build.0 = Debug|Win32
		{920C39A7-080F-4FCE-828E-CC45F26F8FA5}.Release|Win32.ActiveCfg = Release|Win32
		{920C39A7-080F-4FCE-828E-CC45F26F8FA5}.Release|Win32.Build.0 = Release|Win32
		{E7167872-60C3-498A-97BC-C5C4EEDD7D69}.Debug|Win32.ActiveCfg = Debug|Win32
		{E7167872-60C3-498A-97BC-C5C4EEDD7D69}.Debug|Win32.Build.0 = Debug|Win32
		{E7167872-60C3-498A-97BC-C5C4EEDD7D69}.Release|Win32.ActiveCfg = Release|Win32
		{E7167872-60C3-498A-97BC-C5C4EEDD7D69}.Release|Win32.Build.0 = Release|Win32
		{FF049A22-38AF-4B9F-8D38-C6D301713773}.Debug|Win32.ActiveCfg = Debug|Win32
		{FF049A22-38AF-4B9F-8D38-C6D301713773}.Debug|Win32.Build.0 = Debug|Win32
		{FF049A22-38AF-4B9F-8D38-C6D301713773}.Release|Win32.ActiveCfg = Release|Win32
		{FF049A22-38AF-4B9F-8D38-C6D301713773}.Release|Win32.Build.0 = Release|Win32
		{03FBA645-B8C1-4B91-9443-EB3D0F75214A}.Debug|Win32.ActiveCfg = Debug|Win32
		{03FBA645-B8C1-4B91-9443-EB3D0F75214A}.Debug|Win32.Build.0 = Debug|Win32
		{03FBA645-B8C1-4B91-9443-EB3D0F75214A}.Release|Win32.ActiveCfg = Release|Win32
		{03FBA645-B8C1-4B91-9443-EB3D0F75214A}.Release|Win32.Build.0 = Release|Win32
		{95EF5104-ADE3-48B5-B9A9-D89D7B85DAE9}.Debug|Win32.ActiveCfg = Debug|Win32
		{95EF5104-ADE3-48B5-B9A9-D89D7B85DAE9}.Debug|Win32.Build.0 = Debug|Win32
		{95EF5104-ADE3-48B5-B9A9-D89D7B85DAE9}.Release|Win32.ActiveCfg = Release|Win32
		{95EF5104-ADE3-48B5-B9A9-D89D7B85DAE9}.Release|Win32.Build.0 = Release|Win32
		{C81D2ED2-7138-477C-8A9B-C2DED607DB2C}.Debug|Win32.ActiveCfg = Debug|Win32
		{C81D2ED2-7138-477C-8A9B-C2DED607DB2C}.Debug|Win32.Build.0 = Debug|Win32
		{C81D2ED2-7138-477C-8A9B-C2DED607DB2C}.Release|Win32.ActiveCfg = Release|Win32
		{C81D2ED2-7138-477C-8A9B-C2DED607DB2C}.Release|Win32.Build.0 = Release|Win32
		{91C23ACE-87F7-4A35-AEC3-EE533EFBFFE6}.Debug|Win32.ActiveCfg = Debug|Win32
		{91C23ACE-87F7-4A35-AEC3-EE533EFBFFE6}.Debug|Win32.Build.0 = Debug|Win32
		{91C23ACE-87F7-4A35-AEC3-EE533EFBFFE6}.Release|Win32.ActiveCfg = Release|Win32
		{91C23ACE-87F7-4A35-AEC3-EE533EFBFFE6}.Release|Win32.Build.0 = Release|Win32
		{50D5F358-7B96-4206-ABA7-D130D795271E}.Debug|Win32.ActiveCfg = Debug|Win32
		{50D5F358-7B96-4206-ABA7-D130D795271E}.Debug|Win32.Build.0 = Debug|Win32
		{50D5F358-7B96-4206-ABA7-D130D795271E}.Release|Win32.ActiveCfg = Release|Win32
		{50D5F358-7B96-4206-ABA7-D130D795271E}.Release|Win32.Build.0 = Release|Win32
		{03986E37-A3D9-4076-AC9A-D4B3DF34344C}.Debug|Win32.ActiveCfg = Debug|Win32
		{03986E37-A3D9-4076-AC9A-D4B3DF34344C}.Debug|Win32.Build.0 = Debug|Win32
		{03986E37-A3D9-4076-AC9A-D4B3DF34344C}.Release|Win32.ActiveCfg = Release|Win32
		{03986E37-A3D9-4076-AC9A-D4B3DF34344C}.Release|Win32.Build.0 = Release|Win32
		{E910ECCB-CBCC-41B0-8D0E-EFA094396E3C}.Debug|Win32.ActiveCfg = Debug|Win32
		{E910ECCB-CBCC-41B0-8D0E-EFA094396E3C}.Debug|Win32.Build.0 = Debug|Win32
		{E910ECCB-CBCC-41B0-8D0E-EFA094396E3C}.Release|Win32.ActiveCfg = Release|Win32
		{E910ECCB-CBCC-41B0-8D0E-EFA094396E3C}.Release|Win32.Build.0 = Release|Win32
		{3A7CE751-A313-4E11-88F7-6DBD3BF3E3DC}.Debug|Win32.ActiveCfg = Debug|Win32
		{3A7CE751-A313-4E11-88F7-6DBD3BF3E3DC}.Debug|Win32.Build.0 = Debug|Win32
		{3A7CE751-A313-4E11-88F7-6DBD3BF3E3DC}.Release|Win32.ActiveCfg = Release|Win32
		{3A7CE751-A313-4E11-88F7-6DBD3BF3E3DC}.Release|Win32.Build.0 = Release|Win32
		{DAB77D2A-F5A0-4165-9961-40492F40BCD8}.Debug|Win32.ActiveCfg = Debug|Win32
		{DAB77D2A-F5A0-4165-9961-40492F40BCD8}.Debug|Win32.Build.0 = Debug|Win32
		{DAB77D2A-F5A0-4165-9961-40492F40BCD8}.Release|Win32.ActiveCfg = Release|Win32
		{DAB77D2A-F5A0-4165-9961-40492F40BCD8}.Release|Win32.Build.0 = Release|Win32
		{790340A0-F12C-499F-A358-7031D0E3C46D}.Debug|Win32.ActiveCfg = Debug|Win32
		{790340A0-F12C-499F-A358-7031D0E3C46D}.Debug|Win32.Build.0 = Debug|Win32
		{790340A0-F12C-499F-A358-7031D0E3C46D}.Release|Win32.ActiveCfg = Release|Win32
		{790340A0-F12C-499F-A358-7031D0E3C46D}.Release|Win32.Build.0 = Release|Win32
		{1B5D64BC-7F1C-4408-B119-0D21FBB5AE0A}.Debug|Win32.ActiveCfg = Debug|Win32
		{1B5D64BC-7F1C-4408-B119-0D21FBB5AE0A}.Debug|Win32.Build.0 = Debug|Win32
		{1B5D64BC-7F1C-4408-B119-0D21FBB5AE0A}.Release|Win32.ActiveCfg = Release|Win32
		{1B5D64BC-7F1C-4408-B119-0D21FBB5AE0A}.Release|Win32.Build.0 = Release|Win32
		{A9E31566-A684-4EA8-A89B-0119C70E9778}.Debug|Win32.ActiveCfg = Debug|Win32
		{A9E31566-A684-4EA8-A89B-0119C70E9778}.Debug|Win32.Build.0 = Debug|Win32
		{A9E31566-A684-4EA8-A89B-0119C70E9778}.Release|Win32.ActiveCfg = Release|Win32
		{A9E31566-A684-4EA8-A89B-0119C70E9778}.Release|Win32.Build.0 = Release|Win32
		{BF484FB8-68B6-418B-B691-404190125F37}.Debug|Win32.ActiveCfg = Debug|Win32
		{BF484FB8-68B6-418B-B691-404190125F37}.Debug|Win32.Build.0 = Debug|Win32
		{BF484FB8-68B6-418B-B691-404190125F37}.Release|Win32.ActiveCfg = Release|Win32
		{BF484FB8-68B6-418B-B691-404190125F37}.Release|Win32.Build.0 = Release|Win32
		{C5AFD976-4DD9-42B9-AA74-09BB0900AA74}.Debug|Win32.ActiveCfg = Debug|Win32
		{C5AFD976-4DD9-42B9-AA74-09BB0900AA74}.Debug|Win32.Build.0 = Debug|Win32
		{C5AFD976-4DD9-42B9-AA74-09BB0900AA74}.Release|Win32.ActiveCfg = Release|Win32
		{C5AFD976-4DD9-42B9-AA74-09BB0900AA74}.Release|Win32.Build.0 = Release|Win32
		{BBF3931E-9A5B-45F5-8214-78A2E0FDF37E}.Debug|Win32.ActiveCfg = Debug|Win32
		{BBF3931E-9A5B-45F5-8214-78A2E0FDF37E}.Debug|Win32.Build.0 = Debug|Win32
		{BBF3931E-9A5B-45F5-8214-78A2E0FDF37E}.Release|Win32.ActiveCfg = Release|Win32
		{BBF3931E-9A5B-45F5-8214-78A2E0FDF37E}.Release|Win32.Build.0 = Release|Win32
		{DC64A89D-DB2B-4DE6-9006-F8984ADEB2EF}.Debug|Win32.ActiveCfg = Debug|Win32
		{DC64A89D-DB2B-4DE6-9006-F8984ADEB2EF}.Debug|Win32.Build.0 = Debug|Win32
		{DC64A89D-DB2B-4DE6-9006-F8984ADEB2EF}.Release|Win32.ActiveCfg = Release|Win32
		{DC64A89D-DB2B-4DE6-9006-F8984ADEB2EF}.Release|Win32.Build.0 = Release|Win32
		{05B49CC5-5413-40C3-806A-F465F5DADA26}.Debug|Win32.ActiveCfg = Debug|Win32
		{05B49CC5-5413-40C3-806A-F465F5DADA26}.Debug|Win32.Build.0 = Debug|Win32
		{05B49CC5-5413-40C3-806A-F465F5DADA26}.Release|Win32.ActiveCfg = Release|Win32
		{05B49CC5-5413-40C3-806A-F465F5DADA26}.Release|Win32.Build.0 = Release|Win32
		{D780EABB-0759-48B4-B31E-80F577972651}.Debug|Win32.ActiveCfg = Debug|Win32
		{D780EABB-0759-48B4-B31E-80F577972651}.Debug|Win32.Build.0 = Debug|Win32
		{D780EABB-0759-48B4-B31E-80F577972651}.Release|Win32.ActiveCfg = Release|Win32
		{D780EABB-0759-48B4-B31E-80F577972651}.Release|Win32.Build.0 = Release|Win32
	EndGlobalSection
	GlobalSection(SolutionProperties) = preSolution
		HideSolutionNode = FALSE
	EndGlobalSection
	GlobalSection(NestedProjects) = preSolution
		{10E2CFF4-6981-4419-AFE9-6AE4B700E014} = {C0AEDCB0-42AE-4EDD-B5A5-F20D3EECC7C0}
		{14129BA5-C73B-412E-A6EC-8B1B23EA2E0C} = {A56A7708-55E7-4B6C-8A64-2D0A44669BAB}
		{E82258AE-96F4-4092-AE7F-BEB2952589B9} = {C0AEDCB0-42AE-4EDD-B5A5-F20D3EECC7C0}
		{D75FE4C2-D29C-4D4E-A974-2EC3581C60E8} = {A56A7708-55E7-4B6C-8A64-2D0A44669BAB}
		{91409985-189B-4A0A-B24F-DB1A7EB54A92} = {C0AEDCB0-42AE-4EDD-B5A5-F20D3EECC7C0}
		{4187216E-A35C-45A3-9199-826CBC49F7D7} = {C0AEDCB0-42AE-4EDD-B5A5-F20D3EECC7C0}
		{64B6A561-1B58-4822-BF69-6D883B18753F} = {C0AEDCB0-42AE-4EDD-B5A5-F20D3EECC7C0}
		{181023ED-CA0D-4B6C-8A9F-AEFFB62CE110} = {C0AEDCB0-42AE-4EDD-B5A5-F20D3EECC7C0}
		{B129782D-28F3-4CD4-888F-AA5774FDA9E6} = {A56A7708-55E7-4B6C-8A64-2D0A44669BAB}
		{19B6D6E1-5107-4469-BF03-965E7318EDCC} = {2874972D-1C80-4E13-93BA-FDE0393CAC62}
		{2874972D-1C80-4E13-93BA-FDE0393CAC62} = {1C939C91-78F3-4D05-A26A-8110087A65FA}
		{076DEB40-A800-4707-9EEA-9CE7F380F89F} = {2874972D-1C80-4E13-93BA-FDE0393CAC62}
		{BDD20FDA-ECFB-4975-8305-40DE3AAF4F8D} = {C0AEDCB0-42AE-4EDD-B5A5-F20D3EECC7C0}
		{E7F41551-98D9-44F1-912C-0FF644576B10} = {C0AEDCB0-42AE-4EDD-B5A5-F20D3EECC7C0}
		{03BB7C8A-1394-4A82-AEBE-B4A76946E894} = {C0AEDCB0-42AE-4EDD-B5A5-F20D3EECC7C0}
		{D4CF517B-87D8-4E35-BECF-949F4A18904C} = {1C939C91-78F3-4D05-A26A-8110087A65FA}
		{BA522885-D672-430B-9812-AE5D97E41457} = {D4CF517B-87D8-4E35-BECF-949F4A18904C}
		{D77497C5-4875-4AF1-8C9E-0E9356507D66} = {D4CF517B-87D8-4E35-BECF-949F4A18904C}
		{9552DD96-ECD5-4B54-AD7B-975A13435FBC} = {1C939C91-78F3-4D05-A26A-8110087A65FA}
		{1B4A27D1-86B5-4BF9-A34F-DB67B714867A} = {9552DD96-ECD5-4B54-AD7B-975A13435FBC}
		{D5EB3FCB-8A0E-4153-B803-56AA70AEAAA9} = {9552DD96-ECD5-4B54-AD7B-975A13435FBC}
		{DE9862F1-B7B0-4AD2-B32A-FDE0BD44D60D} = {1C939C91-78F3-4D05-A26A-8110087A65FA}
		{8B0B9604-3E96-4085-9ACA-725151761456} = {DE9862F1-B7B0-4AD2-B32A-FDE0BD44D60D}
		{920C39A7-080F-4FCE-828E-CC45F26F8FA5} = {A56A7708-55E7-4B6C-8A64-2D0A44669BAB}
		{FF049A22-38AF-4B9F-8D38-C6D301713773} = {A56A7708-55E7-4B6C-8A64-2D0A44669BAB}
		{03FBA645-B8C1-4B91-9443-EB3D0F75214A} = {A56A7708-55E7-4B6C-8A64-2D0A44669BAB}
		{95EF5104-ADE3-48B5-B9A9-D89D7B85DAE9} = {A56A7708-55E7-4B6C-8A64-2D0A44669BAB}
		{C81D2ED2-7138-477C-8A9B-C2DED607DB2C} = {A56A7708-55E7-4B6C-8A64-2D0A44669BAB}
		{AA4B51F8-4988-4014-AFC5-992431BE0848} = {1C939C91-78F3-4D05-A26A-8110087A65FA}
		{91C23ACE-87F7-4A35-AEC3-EE533EFBFFE6} = {AA4B51F8-4988-4014-AFC5-992431BE0848}
		{50D5F358-7B96-4206-ABA7-D130D795271E} = {C0AEDCB0-42AE-4EDD-B5A5-F20D3EECC7C0}
		{03986E37-A3D9-4076-AC9A-D4B3DF34344C} = {C0AEDCB0-42AE-4EDD-B5A5-F20D3EECC7C0}
		{E910ECCB-CBCC-41B0-8D0E-EFA094396E3C} = {C0AEDCB0-42AE-4EDD-B5A5-F20D3EECC7C0}
		{3A7CE751-A313-4E11-88F7-6DBD3BF3E3DC} = {C0AEDCB0-42AE-4EDD-B5A5-F20D3EECC7C0}
		{F913F16B-2F71-4B62-806F-2C2A2216B3D3} = {1C939C91-78F3-4D05-A26A-8110087A65FA}
		{DAB77D2A-F5A0-4165-9961-40492F40BCD8} = {F913F16B-2F71-4B62-806F-2C2A2216B3D3}
		{790340A0-F12C-499F-A358-7031D0E3C46D} = {A56A7708-55E7-4B6C-8A64-2D0A44669BAB}
		{1B5D64BC-7F1C-4408-B119-0D21FBB5AE0A} = {A56A7708-55E7-4B6C-8A64-2D0A44669BAB}
		{A9E31566-A684-4EA8-A89B-0119C70E9778} = {A56A7708-55E7-4B6C-8A64-2D0A44669BAB}
		{BF484FB8-68B6-418B-B691-404190125F37} = {A56A7708-55E7-4B6C-8A64-2D0A44669BAB}
		{C5AFD976-4DD9-42B9-AA74-09BB0900AA74} = {A56A7708-55E7-4B6C-8A64-2D0A44669BAB}
		{BBF3931E-9A5B-45F5-8214-78A2E0FDF37E} = {A56A7708-55E7-4B6C-8A64-2D0A44669BAB}
		{DC64A89D-DB2B-4DE6-9006-F8984ADEB2EF} = {A56A7708-55E7-4B6C-8A64-2D0A44669BAB}
		{05B49CC5-5413-40C3-806A-F465F5DADA26} = {C0AEDCB0-42AE-4EDD-B5A5-F20D3EECC7C0}
		{D780EABB-0759-48B4-B31E-80F577972651} = {A56A7708-55E7-4B6C-8A64-2D0A44669BAB}
	EndGlobalSection
EndGlobal
