
Microsoft Visual Studio Solution File, Format Version 12.00
# Visual Studio 2013
VisualStudioVersion = 12.0.40629.0
MinimumVisualStudioVersion = 10.0.40219.1
Project("{8BC9CEB8-8B4A-11D0-8D11-00A0C91BC942}") = "170816.Bitmap1", "170816.Bitmap1\170816.Bitmap1.vcxproj", "{2DD9B51D-327C-4A62-A62C-8FB8A6606125}"
EndProject
Project("{8BC9CEB8-8B4A-11D0-8D11-00A0C91BC942}") = "180407.search.block", "180407.search.block\180407.search.block.vcxproj", "{774D3BE0-D610-4234-BE0E-EF496165123B}"
EndProject
Project("{8BC9CEB8-8B4A-11D0-8D11-00A0C91BC942}") = "180425.sorting", "180425.sorting\180425.sorting.vcxproj", "{345B9B84-55EB-47DA-9F92-F0170271A441}"
EndProject
Project("{8BC9CEB8-8B4A-11D0-8D11-00A0C91BC942}") = "180429.UglyDigit", "180429.UglyDigit\180429.UglyDigit.vcxproj", "{7D702EF3-7FDE-4CA6-8943-3A2015B2CE53}"
EndProject
Project("{8BC9CEB8-8B4A-11D0-8D11-00A0C91BC942}") = "180429.MakeBookShelf", "180429.MakeBookShelf\180429.MakeBookShelf.vcxproj", "{45D6874F-2C03-46BD-B988-3CAC35E04727}"
EndProject
Project("{8BC9CEB8-8B4A-11D0-8D11-00A0C91BC942}") = "180501.Cube", "180501.Cube\180501.Cube.vcxproj", "{6B5E532D-F219-4852-A886-F3908B92CDF8}"
EndProject
Project("{8BC9CEB8-8B4A-11D0-8D11-00A0C91BC942}") = "180505.virus", "180505.virus\180505.virus.vcxproj", "{10E2CFF4-6981-4419-AFE9-6AE4B700E014}"
EndProject
Project("{8BC9CEB8-8B4A-11D0-8D11-00A0C91BC942}") = "180507.lubic", "180507.lubic\180507.lubic.vcxproj", "{C7A356A5-36E3-4E29-9A3B-388FAAB02D22}"
EndProject
Project("{8BC9CEB8-8B4A-11D0-8D11-00A0C91BC942}") = "180519.puzzle", "180519.puzzle\180519.puzzle.vcxproj", "{14129BA5-C73B-412E-A6EC-8B1B23EA2E0C}"
EndProject
Project("{8BC9CEB8-8B4A-11D0-8D11-00A0C91BC942}") = "180606.LittleAirplane", "180606.LittleAirplane\180606.LittleAirplane.vcxproj", "{96677CC0-3BF5-4B32-878A-C8BD24B73BAD}"
EndProject
Project("{8BC9CEB8-8B4A-11D0-8D11-00A0C91BC942}") = "180606.jangki", "180606.jangki\180606.jangki.vcxproj", "{4690D7FF-C0BA-4581-84F9-475DF5BD6285}"
EndProject
Project("{8BC9CEB8-8B4A-11D0-8D11-00A0C91BC942}") = "180609.PrincessGarden", "180609.PrincessGarden\180609.PrincessGarden.vcxproj", "{9D896A94-784D-47C0-B34D-A07CFB55F1BF}"
EndProject
Project("{8BC9CEB8-8B4A-11D0-8D11-00A0C91BC942}") = "180609.TakBae", "180609.TakBae\180609.TakBae.vcxproj", "{85150D0A-EB8C-4A88-AB72-6288F6C77F65}"
EndProject
Project("{8BC9CEB8-8B4A-11D0-8D11-00A0C91BC942}") = "180613.Pelindrome", "180613.Pelindrome\180613.Pelindrome.vcxproj", "{8B0B8DD6-ED78-4030-9E6B-504F8635A282}"
EndProject
Project("{8BC9CEB8-8B4A-11D0-8D11-00A0C91BC942}") = "180615.bissop", "180615.bissop\180615.bissop.vcxproj", "{A11AA376-D36C-4266-9AB7-89E86128B34D}"
EndProject
Project("{8BC9CEB8-8B4A-11D0-8D11-00A0C91BC942}") = "180625.lubic", "180625.lubic\180625.lubic.vcxproj", "{FB478735-BB9D-4B9F-99DD-604273530FFB}"
EndProject
Project("{8BC9CEB8-8B4A-11D0-8D11-00A0C91BC942}") = "180630.maze", "180630.maze\180630.maze.vcxproj", "{B723AA01-EA16-42CE-A6EB-2D3653399015}"
EndProject
Project("{8BC9CEB8-8B4A-11D0-8D11-00A0C91BC942}") = "180701.EscapeFire", "180701.EscapeFire\180701.EscapeFire.vcxproj", "{C393E17E-7926-42A8-B229-41BACDAD089D}"
EndProject
Project("{8BC9CEB8-8B4A-11D0-8D11-00A0C91BC942}") = "180706.36Mul", "180706.36Mul\180706.36Mul.vcxproj", "{29756334-8656-49C9-BCD6-2A605CB13297}"
EndProject
Project("{8BC9CEB8-8B4A-11D0-8D11-00A0C91BC942}") = "180706.NMul", "180706.NMul\180706.NMul.vcxproj", "{7C819668-23EF-4562-9E29-385A21A2377C}"
EndProject
Project("{8BC9CEB8-8B4A-11D0-8D11-00A0C91BC942}") = "180708.bitmap2", "180708.bitmap2\180708.bitmap2.vcxproj", "{59A3F41F-4128-4CBC-9035-A8397D4BCFF1}"
EndProject
Project("{8BC9CEB8-8B4A-11D0-8D11-00A0C91BC942}") = "180709.participant", "180709.participant\180709.participant.vcxproj", "{E82258AE-96F4-4092-AE7F-BEB2952589B9}"
EndProject
Project("{8BC9CEB8-8B4A-11D0-8D11-00A0C91BC942}") = "180714.disk2", "180714.disk2\180714.disk2.vcxproj", "{D75FE4C2-D29C-4D4E-A974-2EC3581C60E8}"
EndProject
Project("{8BC9CEB8-8B4A-11D0-8D11-00A0C91BC942}") = "180715.StickerMemo", "180715.StickerMemo\180715.StickerMemo.vcxproj", "{91409985-189B-4A0A-B24F-DB1A7EB54A92}"
EndProject
Project("{8BC9CEB8-8B4A-11D0-8D11-00A0C91BC942}") = "180721.BlockChain", "180721.BlockChain\180721.BlockChain.vcxproj", "{4187216E-A35C-45A3-9199-826CBC49F7D7}"
EndProject
Global
	GlobalSection(SolutionConfigurationPlatforms) = preSolution
		Debug|Win32 = Debug|Win32
		Release|Win32 = Release|Win32
	EndGlobalSection
	GlobalSection(ProjectConfigurationPlatforms) = postSolution
		{2DD9B51D-327C-4A62-A62C-8FB8A6606125}.Debug|Win32.ActiveCfg = Debug|Win32
		{2DD9B51D-327C-4A62-A62C-8FB8A6606125}.Debug|Win32.Build.0 = Debug|Win32
		{2DD9B51D-327C-4A62-A62C-8FB8A6606125}.Release|Win32.ActiveCfg = Release|Win32
		{2DD9B51D-327C-4A62-A62C-8FB8A6606125}.Release|Win32.Build.0 = Release|Win32
		{774D3BE0-D610-4234-BE0E-EF496165123B}.Debug|Win32.ActiveCfg = Debug|Win32
		{774D3BE0-D610-4234-BE0E-EF496165123B}.Debug|Win32.Build.0 = Debug|Win32
		{774D3BE0-D610-4234-BE0E-EF496165123B}.Release|Win32.ActiveCfg = Release|Win32
		{774D3BE0-D610-4234-BE0E-EF496165123B}.Release|Win32.Build.0 = Release|Win32
		{345B9B84-55EB-47DA-9F92-F0170271A441}.Debug|Win32.ActiveCfg = Debug|Win32
		{345B9B84-55EB-47DA-9F92-F0170271A441}.Debug|Win32.Build.0 = Debug|Win32
		{345B9B84-55EB-47DA-9F92-F0170271A441}.Release|Win32.ActiveCfg = Release|Win32
		{345B9B84-55EB-47DA-9F92-F0170271A441}.Release|Win32.Build.0 = Release|Win32
		{7D702EF3-7FDE-4CA6-8943-3A2015B2CE53}.Debug|Win32.ActiveCfg = Debug|Win32
		{7D702EF3-7FDE-4CA6-8943-3A2015B2CE53}.Debug|Win32.Build.0 = Debug|Win32
		{7D702EF3-7FDE-4CA6-8943-3A2015B2CE53}.Release|Win32.ActiveCfg = Release|Win32
		{7D702EF3-7FDE-4CA6-8943-3A2015B2CE53}.Release|Win32.Build.0 = Release|Win32
		{45D6874F-2C03-46BD-B988-3CAC35E04727}.Debug|Win32.ActiveCfg = Debug|Win32
		{45D6874F-2C03-46BD-B988-3CAC35E04727}.Debug|Win32.Build.0 = Debug|Win32
		{45D6874F-2C03-46BD-B988-3CAC35E04727}.Release|Win32.ActiveCfg = Release|Win32
		{45D6874F-2C03-46BD-B988-3CAC35E04727}.Release|Win32.Build.0 = Release|Win32
		{6B5E532D-F219-4852-A886-F3908B92CDF8}.Debug|Win32.ActiveCfg = Debug|Win32
		{6B5E532D-F219-4852-A886-F3908B92CDF8}.Debug|Win32.Build.0 = Debug|Win32
		{6B5E532D-F219-4852-A886-F3908B92CDF8}.Release|Win32.ActiveCfg = Release|Win32
		{6B5E532D-F219-4852-A886-F3908B92CDF8}.Release|Win32.Build.0 = Release|Win32
		{10E2CFF4-6981-4419-AFE9-6AE4B700E014}.Debug|Win32.ActiveCfg = Debug|Win32
		{10E2CFF4-6981-4419-AFE9-6AE4B700E014}.Debug|Win32.Build.0 = Debug|Win32
		{10E2CFF4-6981-4419-AFE9-6AE4B700E014}.Release|Win32.ActiveCfg = Release|Win32
		{10E2CFF4-6981-4419-AFE9-6AE4B700E014}.Release|Win32.Build.0 = Release|Win32
		{C7A356A5-36E3-4E29-9A3B-388FAAB02D22}.Debug|Win32.ActiveCfg = Debug|Win32
		{C7A356A5-36E3-4E29-9A3B-388FAAB02D22}.Debug|Win32.Build.0 = Debug|Win32
		{C7A356A5-36E3-4E29-9A3B-388FAAB02D22}.Release|Win32.ActiveCfg = Release|Win32
		{C7A356A5-36E3-4E29-9A3B-388FAAB02D22}.Release|Win32.Build.0 = Release|Win32
		{14129BA5-C73B-412E-A6EC-8B1B23EA2E0C}.Debug|Win32.ActiveCfg = Debug|Win32
		{14129BA5-C73B-412E-A6EC-8B1B23EA2E0C}.Debug|Win32.Build.0 = Debug|Win32
		{14129BA5-C73B-412E-A6EC-8B1B23EA2E0C}.Release|Win32.ActiveCfg = Release|Win32
		{14129BA5-C73B-412E-A6EC-8B1B23EA2E0C}.Release|Win32.Build.0 = Release|Win32
		{96677CC0-3BF5-4B32-878A-C8BD24B73BAD}.Debug|Win32.ActiveCfg = Debug|Win32
		{96677CC0-3BF5-4B32-878A-C8BD24B73BAD}.Debug|Win32.Build.0 = Debug|Win32
		{96677CC0-3BF5-4B32-878A-C8BD24B73BAD}.Release|Win32.ActiveCfg = Release|Win32
		{96677CC0-3BF5-4B32-878A-C8BD24B73BAD}.Release|Win32.Build.0 = Release|Win32
		{4690D7FF-C0BA-4581-84F9-475DF5BD6285}.Debug|Win32.ActiveCfg = Debug|Win32
		{4690D7FF-C0BA-4581-84F9-475DF5BD6285}.Debug|Win32.Build.0 = Debug|Win32
		{4690D7FF-C0BA-4581-84F9-475DF5BD6285}.Release|Win32.ActiveCfg = Release|Win32
		{4690D7FF-C0BA-4581-84F9-475DF5BD6285}.Release|Win32.Build.0 = Release|Win32
		{9D896A94-784D-47C0-B34D-A07CFB55F1BF}.Debug|Win32.ActiveCfg = Debug|Win32
		{9D896A94-784D-47C0-B34D-A07CFB55F1BF}.Debug|Win32.Build.0 = Debug|Win32
		{9D896A94-784D-47C0-B34D-A07CFB55F1BF}.Release|Win32.ActiveCfg = Release|Win32
		{9D896A94-784D-47C0-B34D-A07CFB55F1BF}.Release|Win32.Build.0 = Release|Win32
		{85150D0A-EB8C-4A88-AB72-6288F6C77F65}.Debug|Win32.ActiveCfg = Debug|Win32
		{85150D0A-EB8C-4A88-AB72-6288F6C77F65}.Debug|Win32.Build.0 = Debug|Win32
		{85150D0A-EB8C-4A88-AB72-6288F6C77F65}.Release|Win32.ActiveCfg = Release|Win32
		{85150D0A-EB8C-4A88-AB72-6288F6C77F65}.Release|Win32.Build.0 = Release|Win32
		{8B0B8DD6-ED78-4030-9E6B-504F8635A282}.Debug|Win32.ActiveCfg = Debug|Win32
		{8B0B8DD6-ED78-4030-9E6B-504F8635A282}.Debug|Win32.Build.0 = Debug|Win32
		{8B0B8DD6-ED78-4030-9E6B-504F8635A282}.Release|Win32.ActiveCfg = Release|Win32
		{8B0B8DD6-ED78-4030-9E6B-504F8635A282}.Release|Win32.Build.0 = Release|Win32
		{A11AA376-D36C-4266-9AB7-89E86128B34D}.Debug|Win32.ActiveCfg = Debug|Win32
		{A11AA376-D36C-4266-9AB7-89E86128B34D}.Debug|Win32.Build.0 = Debug|Win32
		{A11AA376-D36C-4266-9AB7-89E86128B34D}.Release|Win32.ActiveCfg = Release|Win32
		{A11AA376-D36C-4266-9AB7-89E86128B34D}.Release|Win32.Build.0 = Release|Win32
		{FB478735-BB9D-4B9F-99DD-604273530FFB}.Debug|Win32.ActiveCfg = Debug|Win32
		{FB478735-BB9D-4B9F-99DD-604273530FFB}.Debug|Win32.Build.0 = Debug|Win32
		{FB478735-BB9D-4B9F-99DD-604273530FFB}.Release|Win32.ActiveCfg = Release|Win32
		{FB478735-BB9D-4B9F-99DD-604273530FFB}.Release|Win32.Build.0 = Release|Win32
		{B723AA01-EA16-42CE-A6EB-2D3653399015}.Debug|Win32.ActiveCfg = Debug|Win32
		{B723AA01-EA16-42CE-A6EB-2D3653399015}.Debug|Win32.Build.0 = Debug|Win32
		{B723AA01-EA16-42CE-A6EB-2D3653399015}.Release|Win32.ActiveCfg = Release|Win32
		{B723AA01-EA16-42CE-A6EB-2D3653399015}.Release|Win32.Build.0 = Release|Win32
		{C393E17E-7926-42A8-B229-41BACDAD089D}.Debug|Win32.ActiveCfg = Debug|Win32
		{C393E17E-7926-42A8-B229-41BACDAD089D}.Debug|Win32.Build.0 = Debug|Win32
		{C393E17E-7926-42A8-B229-41BACDAD089D}.Release|Win32.ActiveCfg = Release|Win32
		{C393E17E-7926-42A8-B229-41BACDAD089D}.Release|Win32.Build.0 = Release|Win32
		{29756334-8656-49C9-BCD6-2A605CB13297}.Debug|Win32.ActiveCfg = Debug|Win32
		{29756334-8656-49C9-BCD6-2A605CB13297}.Debug|Win32.Build.0 = Debug|Win32
		{29756334-8656-49C9-BCD6-2A605CB13297}.Release|Win32.ActiveCfg = Release|Win32
		{29756334-8656-49C9-BCD6-2A605CB13297}.Release|Win32.Build.0 = Release|Win32
		{7C819668-23EF-4562-9E29-385A21A2377C}.Debug|Win32.ActiveCfg = Debug|Win32
		{7C819668-23EF-4562-9E29-385A21A2377C}.Debug|Win32.Build.0 = Debug|Win32
		{7C819668-23EF-4562-9E29-385A21A2377C}.Release|Win32.ActiveCfg = Release|Win32
		{7C819668-23EF-4562-9E29-385A21A2377C}.Release|Win32.Build.0 = Release|Win32
		{59A3F41F-4128-4CBC-9035-A8397D4BCFF1}.Debug|Win32.ActiveCfg = Debug|Win32
		{59A3F41F-4128-4CBC-9035-A8397D4BCFF1}.Debug|Win32.Build.0 = Debug|Win32
		{59A3F41F-4128-4CBC-9035-A8397D4BCFF1}.Release|Win32.ActiveCfg = Release|Win32
		{59A3F41F-4128-4CBC-9035-A8397D4BCFF1}.Release|Win32.Build.0 = Release|Win32
		{E82258AE-96F4-4092-AE7F-BEB2952589B9}.Debug|Win32.ActiveCfg = Debug|Win32
		{E82258AE-96F4-4092-AE7F-BEB2952589B9}.Debug|Win32.Build.0 = Debug|Win32
		{E82258AE-96F4-4092-AE7F-BEB2952589B9}.Release|Win32.ActiveCfg = Release|Win32
		{E82258AE-96F4-4092-AE7F-BEB2952589B9}.Release|Win32.Build.0 = Release|Win32
		{D75FE4C2-D29C-4D4E-A974-2EC3581C60E8}.Debug|Win32.ActiveCfg = Debug|Win32
		{D75FE4C2-D29C-4D4E-A974-2EC3581C60E8}.Debug|Win32.Build.0 = Debug|Win32
		{D75FE4C2-D29C-4D4E-A974-2EC3581C60E8}.Release|Win32.ActiveCfg = Release|Win32
		{D75FE4C2-D29C-4D4E-A974-2EC3581C60E8}.Release|Win32.Build.0 = Release|Win32
		{91409985-189B-4A0A-B24F-DB1A7EB54A92}.Debug|Win32.ActiveCfg = Debug|Win32
		{91409985-189B-4A0A-B24F-DB1A7EB54A92}.Debug|Win32.Build.0 = Debug|Win32
		{91409985-189B-4A0A-B24F-DB1A7EB54A92}.Release|Win32.ActiveCfg = Release|Win32
		{91409985-189B-4A0A-B24F-DB1A7EB54A92}.Release|Win32.Build.0 = Release|Win32
		{4187216E-A35C-45A3-9199-826CBC49F7D7}.Debug|Win32.ActiveCfg = Debug|Win32
		{4187216E-A35C-45A3-9199-826CBC49F7D7}.Debug|Win32.Build.0 = Debug|Win32
		{4187216E-A35C-45A3-9199-826CBC49F7D7}.Release|Win32.ActiveCfg = Release|Win32
		{4187216E-A35C-45A3-9199-826CBC49F7D7}.Release|Win32.Build.0 = Release|Win32
	EndGlobalSection
	GlobalSection(SolutionProperties) = preSolution
		HideSolutionNode = FALSE
	EndGlobalSection
EndGlobal
