
Microsoft Visual Studio Solution File, Format Version 12.00
# Visual Studio 2013
VisualStudioVersion = 12.0.40629.0
MinimumVisualStudioVersion = 10.0.40219.1
Project("{8BC9CEB8-8B4A-11D0-8D11-00A0C91BC942}") = "170816.Bitmap1", "170816.Bitmap1\170816.Bitmap1.vcxproj", "{2DD9B51D-327C-4A62-A62C-8FB8A6606125}"
EndProject
Project("{8BC9CEB8-8B4A-11D0-8D11-00A0C91BC942}") = "180407.search.block", "180407.search.block\180407.search.block.vcxproj", "{774D3BE0-D610-4234-BE0E-EF496165123B}"
EndProject
Project("{8BC9CEB8-8B4A-11D0-8D11-00A0C91BC942}") = "180425.sorting", "180425.sorting\180425.sorting.vcxproj", "{345B9B84-55EB-47DA-9F92-F0170271A441}"
EndProject
Project("{8BC9CEB8-8B4A-11D0-8D11-00A0C91BC942}") = "180429.UglyDigit", "180429.UglyDigit\180429.UglyDigit.vcxproj", "{7D702EF3-7FDE-4CA6-8943-3A2015B2CE53}"
EndProject
Project("{8BC9CEB8-8B4A-11D0-8D11-00A0C91BC942}") = "180429.MakeBookShelf", "180429.MakeBookShelf\180429.MakeBookShelf.vcxproj", "{45D6874F-2C03-46BD-B988-3CAC35E04727}"
EndProject
Project("{8BC9CEB8-8B4A-11D0-8D11-00A0C91BC942}") = "180501.Cube", "180501.Cube\180501.Cube.vcxproj", "{6B5E532D-F219-4852-A886-F3908B92CDF8}"
EndProject
Global
	GlobalSection(SolutionConfigurationPlatforms) = preSolution
		Debug|Win32 = Debug|Win32
		Release|Win32 = Release|Win32
	EndGlobalSection
	GlobalSection(ProjectConfigurationPlatforms) = postSolution
		{2DD9B51D-327C-4A62-A62C-8FB8A6606125}.Debug|Win32.ActiveCfg = Debug|Win32
		{2DD9B51D-327C-4A62-A62C-8FB8A6606125}.Debug|Win32.Build.0 = Debug|Win32
		{2DD9B51D-327C-4A62-A62C-8FB8A6606125}.Release|Win32.ActiveCfg = Release|Win32
		{2DD9B51D-327C-4A62-A62C-8FB8A6606125}.Release|Win32.Build.0 = Release|Win32
		{774D3BE0-D610-4234-BE0E-EF496165123B}.Debug|Win32.ActiveCfg = Debug|Win32
		{774D3BE0-D610-4234-BE0E-EF496165123B}.Debug|Win32.Build.0 = Debug|Win32
		{774D3BE0-D610-4234-BE0E-EF496165123B}.Release|Win32.ActiveCfg = Release|Win32
		{774D3BE0-D610-4234-BE0E-EF496165123B}.Release|Win32.Build.0 = Release|Win32
		{345B9B84-55EB-47DA-9F92-F0170271A441}.Debug|Win32.ActiveCfg = Debug|Win32
		{345B9B84-55EB-47DA-9F92-F0170271A441}.Debug|Win32.Build.0 = Debug|Win32
		{345B9B84-55EB-47DA-9F92-F0170271A441}.Release|Win32.ActiveCfg = Release|Win32
		{345B9B84-55EB-47DA-9F92-F0170271A441}.Release|Win32.Build.0 = Release|Win32
		{7D702EF3-7FDE-4CA6-8943-3A2015B2CE53}.Debug|Win32.ActiveCfg = Debug|Win32
		{7D702EF3-7FDE-4CA6-8943-3A2015B2CE53}.Debug|Win32.Build.0 = Debug|Win32
		{7D702EF3-7FDE-4CA6-8943-3A2015B2CE53}.Release|Win32.ActiveCfg = Release|Win32
		{7D702EF3-7FDE-4CA6-8943-3A2015B2CE53}.Release|Win32.Build.0 = Release|Win32
		{45D6874F-2C03-46BD-B988-3CAC35E04727}.Debug|Win32.ActiveCfg = Debug|Win32
		{45D6874F-2C03-46BD-B988-3CAC35E04727}.Debug|Win32.Build.0 = Debug|Win32
		{45D6874F-2C03-46BD-B988-3CAC35E04727}.Release|Win32.ActiveCfg = Release|Win32
		{45D6874F-2C03-46BD-B988-3CAC35E04727}.Release|Win32.Build.0 = Release|Win32
		{6B5E532D-F219-4852-A886-F3908B92CDF8}.Debug|Win32.ActiveCfg = Debug|Win32
		{6B5E532D-F219-4852-A886-F3908B92CDF8}.Debug|Win32.Build.0 = Debug|Win32
		{6B5E532D-F219-4852-A886-F3908B92CDF8}.Release|Win32.ActiveCfg = Release|Win32
		{6B5E532D-F219-4852-A886-F3908B92CDF8}.Release|Win32.Build.0 = Release|Win32
	EndGlobalSection
	GlobalSection(SolutionProperties) = preSolution
		HideSolutionNode = FALSE
	EndGlobalSection
EndGlobal
